
Microsoft Visual Studio Solution File, Format Version 12.00
# Visual Studio Version 17
VisualStudioVersion = 17.14.36518.9 d17.14
MinimumVisualStudioVersion = 10.0.40219.1
Project("{FAE04EC0-301F-11D3-BF4B-00C04F79EFBC}") = "chatapp", "chatapp.csproj", "{E4A90D34-8EC1-4C86-A321-C7F08498FDDC}"
EndProject
Global
	GlobalSection(SolutionConfigurationPlatforms) = preSolution
		Debug|Any CPU = Debug|Any CPU
		Release|Any CPU = Release|Any CPU
	EndGlobalSection
	GlobalSection(ProjectConfigurationPlatforms) = postSolution
		{E4A90D34-8EC1-4C86-A321-C7F08498FDDC}.Debug|Any CPU.ActiveCfg = Debug|Any CPU
		{E4A90D34-8EC1-4C86-A321-C7F08498FDDC}.Debug|Any CPU.Build.0 = Debug|Any CPU
		{E4A90D34-8EC1-4C86-A321-C7F08498FDDC}.Release|Any CPU.ActiveCfg = Release|Any CPU
		{E4A90D34-8EC1-4C86-A321-C7F08498FDDC}.Release|Any CPU.Build.0 = Release|Any CPU
	EndGlobalSection
	GlobalSection(SolutionProperties) = preSolution
		HideSolutionNode = FALSE
	EndGlobalSection
	GlobalSection(ExtensibilityGlobals) = postSolution
		SolutionGuid = {222777F5-BF75-4BC1-B990-2915AA984AC5}
	EndGlobalSection
EndGlobal
